
Microsoft Visual Studio Solution File, Format Version 12.00
# Visual Studio Version 17
VisualStudioVersion = 17.10.35122.118
MinimumVisualStudioVersion = 10.0.40219.1
Project("{FAE04EC0-301F-11D3-BF4B-00C04F79EFBC}") = "EjercicioPILA", "EjercicioPILA\EjercicioPILA.csproj", "{3FB15615-35FC-4E52-8ACE-5A792220824F}"
EndProject
Global
	GlobalSection(SolutionConfigurationPlatforms) = preSolution
		Debug|Any CPU = Debug|Any CPU
		Release|Any CPU = Release|Any CPU
	EndGlobalSection
	GlobalSection(ProjectConfigurationPlatforms) = postSolution
		{3FB15615-35FC-4E52-8ACE-5A792220824F}.Debug|Any CPU.ActiveCfg = Debug|Any CPU
		{3FB15615-35FC-4E52-8ACE-5A792220824F}.Debug|Any CPU.Build.0 = Debug|Any CPU
		{3FB15615-35FC-4E52-8ACE-5A792220824F}.Release|Any CPU.ActiveCfg = Release|Any CPU
		{3FB15615-35FC-4E52-8ACE-5A792220824F}.Release|Any CPU.Build.0 = Release|Any CPU
	EndGlobalSection
	GlobalSection(SolutionProperties) = preSolution
		HideSolutionNode = FALSE
	EndGlobalSection
	GlobalSection(ExtensibilityGlobals) = postSolution
		SolutionGuid = {2CECEC68-F018-4865-8350-92CA2FF7F8B6}
	EndGlobalSection
EndGlobal
